
Microsoft Visual Studio Solution File, Format Version 12.00
# Visual Studio 15
Project("{FAE04EC0-301F-11D3-BF4B-00C04F79EFBC}") = "MusicGame_HEXA", "MusicGame_HEXA.csproj", "{3DB70170-0E8F-26A0-E463-F7B3BB98F16D}"
EndProject
Global
	GlobalSection(SolutionConfigurationPlatforms) = preSolution
		Debug|Any CPU = Debug|Any CPU
		Release|Any CPU = Release|Any CPU
	EndGlobalSection
	GlobalSection(ProjectConfigurationPlatforms) = postSolution
		{3DB70170-0E8F-26A0-E463-F7B3BB98F16D}.Debug|Any CPU.ActiveCfg = Debug|Any CPU
		{3DB70170-0E8F-26A0-E463-F7B3BB98F16D}.Debug|Any CPU.Build.0 = Debug|Any CPU
		{3DB70170-0E8F-26A0-E463-F7B3BB98F16D}.Release|Any CPU.ActiveCfg = Release|Any CPU
		{3DB70170-0E8F-26A0-E463-F7B3BB98F16D}.Release|Any CPU.Build.0 = Release|Any CPU
	EndGlobalSection
	GlobalSection(SolutionProperties) = preSolution
		HideSolutionNode = FALSE
	EndGlobalSection
<<<<<<< HEAD
=======
	GlobalSection(ExtensibilityGlobals) = postSolution
		SolutionGuid = {ADFF1322-32CE-4182-B3DF-0B06BF74F3A0}
	EndGlobalSection
>>>>>>> parent of 123412b... 全然わからん
EndGlobal
